
Microsoft Visual Studio Solution File, Format Version 12.00
# Visual Studio Version 17
VisualStudioVersion = 17.5.002.0
MinimumVisualStudioVersion = 10.0.40219.1
Project("{9A19103F-16F7-4668-BE54-9A1E7A4F7556}") = "staticSinif", "staticSinif.csproj", "{00836AB1-1859-4989-AF4B-64FA6F3AD273}"
EndProject
Global
	GlobalSection(SolutionConfigurationPlatforms) = preSolution
		Debug|Any CPU = Debug|Any CPU
		Release|Any CPU = Release|Any CPU
	EndGlobalSection
	GlobalSection(ProjectConfigurationPlatforms) = postSolution
		{00836AB1-1859-4989-AF4B-64FA6F3AD273}.Debug|Any CPU.ActiveCfg = Debug|Any CPU
		{00836AB1-1859-4989-AF4B-64FA6F3AD273}.Debug|Any CPU.Build.0 = Debug|Any CPU
		{00836AB1-1859-4989-AF4B-64FA6F3AD273}.Release|Any CPU.ActiveCfg = Release|Any CPU
		{00836AB1-1859-4989-AF4B-64FA6F3AD273}.Release|Any CPU.Build.0 = Release|Any CPU
	EndGlobalSection
	GlobalSection(SolutionProperties) = preSolution
		HideSolutionNode = FALSE
	EndGlobalSection
	GlobalSection(ExtensibilityGlobals) = postSolution
		SolutionGuid = {C2311ECD-8C2B-45B7-83DB-B1CD3ABE28AC}
	EndGlobalSection
EndGlobal
